
Microsoft Visual Studio Solution File, Format Version 12.00
# Visual Studio Version 17
VisualStudioVersion = 17.0.32126.317
MinimumVisualStudioVersion = 10.0.40219.1
Project("{FAE04EC0-301F-11D3-BF4B-00C04F79EFBC}") = "VotingSystemv1", "VotingSystemv1\VotingSystemv1.csproj", "{B7A3A878-B516-4A73-918B-E54D9C8397A7}"
EndProject
Global
	GlobalSection(SolutionConfigurationPlatforms) = preSolution
		Debug|Any CPU = Debug|Any CPU
		Release|Any CPU = Release|Any CPU
	EndGlobalSection
	GlobalSection(ProjectConfigurationPlatforms) = postSolution
		{B7A3A878-B516-4A73-918B-E54D9C8397A7}.Debug|Any CPU.ActiveCfg = Debug|Any CPU
		{B7A3A878-B516-4A73-918B-E54D9C8397A7}.Debug|Any CPU.Build.0 = Debug|Any CPU
		{B7A3A878-B516-4A73-918B-E54D9C8397A7}.Release|Any CPU.ActiveCfg = Release|Any CPU
		{B7A3A878-B516-4A73-918B-E54D9C8397A7}.Release|Any CPU.Build.0 = Release|Any CPU
	EndGlobalSection
	GlobalSection(SolutionProperties) = preSolution
		HideSolutionNode = FALSE
	EndGlobalSection
	GlobalSection(ExtensibilityGlobals) = postSolution
		SolutionGuid = {404C78F9-6851-4780-907E-7D37879772F1}
	EndGlobalSection
EndGlobal
